
Microsoft Visual Studio Solution File, Format Version 12.00
# Visual Studio Version 17
VisualStudioVersion = 17.3.32922.545
MinimumVisualStudioVersion = 10.0.40219.1
Project("{9A19103F-16F7-4668-BE54-9A1E7A4F7556}") = "SuperShop2", "SuperShop2\SuperShop2.csproj", "{BE98FA70-DE7D-45BA-83E9-8968CECE6ED3}"
EndProject
Project("{FAE04EC0-301F-11D3-BF4B-00C04F79EFBC}") = "SuperShop2.Prism", "SuperShop2.Prism\SuperShop2.Prism\SuperShop2.Prism.csproj", "{5C1EF81E-8FED-4AB7-9156-B25E88DA1BEE}"
EndProject
Project("{FAE04EC0-301F-11D3-BF4B-00C04F79EFBC}") = "SuperShop2.Prism.Android", "SuperShop2.Prism\SuperShop2.Prism.Android\SuperShop2.Prism.Android.csproj", "{F864330D-563C-4EE1-98B9-6C6002DE59DC}"
EndProject
Project("{FAE04EC0-301F-11D3-BF4B-00C04F79EFBC}") = "SuperShop2.Prism.iOS", "SuperShop2.Prism\SuperShop2.Prism.iOS\SuperShop2.Prism.iOS.csproj", "{B6CB86FF-BAB3-449D-8972-96965DE3E75A}"
EndProject
Global
	GlobalSection(SolutionConfigurationPlatforms) = preSolution
		Ad-Hoc|Any CPU = Ad-Hoc|Any CPU
		Ad-Hoc|iPhone = Ad-Hoc|iPhone
		Ad-Hoc|iPhoneSimulator = Ad-Hoc|iPhoneSimulator
		AppStore|Any CPU = AppStore|Any CPU
		AppStore|iPhone = AppStore|iPhone
		AppStore|iPhoneSimulator = AppStore|iPhoneSimulator
		Debug|Any CPU = Debug|Any CPU
		Debug|iPhone = Debug|iPhone
		Debug|iPhoneSimulator = Debug|iPhoneSimulator
		Release|Any CPU = Release|Any CPU
		Release|iPhone = Release|iPhone
		Release|iPhoneSimulator = Release|iPhoneSimulator
	EndGlobalSection
	GlobalSection(ProjectConfigurationPlatforms) = postSolution
		{BE98FA70-DE7D-45BA-83E9-8968CECE6ED3}.Ad-Hoc|Any CPU.ActiveCfg = Release|Any CPU
		{BE98FA70-DE7D-45BA-83E9-8968CECE6ED3}.Ad-Hoc|Any CPU.Build.0 = Release|Any CPU
		{BE98FA70-DE7D-45BA-83E9-8968CECE6ED3}.Ad-Hoc|iPhone.ActiveCfg = Release|Any CPU
		{BE98FA70-DE7D-45BA-83E9-8968CECE6ED3}.Ad-Hoc|iPhone.Build.0 = Release|Any CPU
		{BE98FA70-DE7D-45BA-83E9-8968CECE6ED3}.Ad-Hoc|iPhoneSimulator.ActiveCfg = Release|Any CPU
		{BE98FA70-DE7D-45BA-83E9-8968CECE6ED3}.Ad-Hoc|iPhoneSimulator.Build.0 = Release|Any CPU
		{BE98FA70-DE7D-45BA-83E9-8968CECE6ED3}.AppStore|Any CPU.ActiveCfg = Release|Any CPU
		{BE98FA70-DE7D-45BA-83E9-8968CECE6ED3}.AppStore|Any CPU.Build.0 = Release|Any CPU
		{BE98FA70-DE7D-45BA-83E9-8968CECE6ED3}.AppStore|iPhone.ActiveCfg = Release|Any CPU
		{BE98FA70-DE7D-45BA-83E9-8968CECE6ED3}.AppStore|iPhone.Build.0 = Release|Any CPU
		{BE98FA70-DE7D-45BA-83E9-8968CECE6ED3}.AppStore|iPhoneSimulator.ActiveCfg = Release|Any CPU
		{BE98FA70-DE7D-45BA-83E9-8968CECE6ED3}.AppStore|iPhoneSimulator.Build.0 = Release|Any CPU
		{BE98FA70-DE7D-45BA-83E9-8968CECE6ED3}.Debug|Any CPU.ActiveCfg = Debug|Any CPU
		{BE98FA70-DE7D-45BA-83E9-8968CECE6ED3}.Debug|Any CPU.Build.0 = Debug|Any CPU
		{BE98FA70-DE7D-45BA-83E9-8968CECE6ED3}.Debug|iPhone.ActiveCfg = Debug|Any CPU
		{BE98FA70-DE7D-45BA-83E9-8968CECE6ED3}.Debug|iPhone.Build.0 = Debug|Any CPU
		{BE98FA70-DE7D-45BA-83E9-8968CECE6ED3}.Debug|iPhoneSimulator.ActiveCfg = Debug|Any CPU
		{BE98FA70-DE7D-45BA-83E9-8968CECE6ED3}.Debug|iPhoneSimulator.Build.0 = Debug|Any CPU
		{BE98FA70-DE7D-45BA-83E9-8968CECE6ED3}.Release|Any CPU.ActiveCfg = Release|Any CPU
		{BE98FA70-DE7D-45BA-83E9-8968CECE6ED3}.Release|Any CPU.Build.0 = Release|Any CPU
		{BE98FA70-DE7D-45BA-83E9-8968CECE6ED3}.Release|iPhone.ActiveCfg = Release|Any CPU
		{BE98FA70-DE7D-45BA-83E9-8968CECE6ED3}.Release|iPhone.Build.0 = Release|Any CPU
		{BE98FA70-DE7D-45BA-83E9-8968CECE6ED3}.Release|iPhoneSimulator.ActiveCfg = Release|Any CPU
		{BE98FA70-DE7D-45BA-83E9-8968CECE6ED3}.Release|iPhoneSimulator.Build.0 = Release|Any CPU
		{5C1EF81E-8FED-4AB7-9156-B25E88DA1BEE}.Ad-Hoc|Any CPU.ActiveCfg = Debug|Any CPU
		{5C1EF81E-8FED-4AB7-9156-B25E88DA1BEE}.Ad-Hoc|Any CPU.Build.0 = Debug|Any CPU
		{5C1EF81E-8FED-4AB7-9156-B25E88DA1BEE}.Ad-Hoc|iPhone.ActiveCfg = Debug|Any CPU
		{5C1EF81E-8FED-4AB7-9156-B25E88DA1BEE}.Ad-Hoc|iPhone.Build.0 = Debug|Any CPU
		{5C1EF81E-8FED-4AB7-9156-B25E88DA1BEE}.Ad-Hoc|iPhoneSimulator.ActiveCfg = Debug|Any CPU
		{5C1EF81E-8FED-4AB7-9156-B25E88DA1BEE}.Ad-Hoc|iPhoneSimulator.Build.0 = Debug|Any CPU
		{5C1EF81E-8FED-4AB7-9156-B25E88DA1BEE}.AppStore|Any CPU.ActiveCfg = Debug|Any CPU
		{5C1EF81E-8FED-4AB7-9156-B25E88DA1BEE}.AppStore|Any CPU.Build.0 = Debug|Any CPU
		{5C1EF81E-8FED-4AB7-9156-B25E88DA1BEE}.AppStore|iPhone.ActiveCfg = Debug|Any CPU
		{5C1EF81E-8FED-4AB7-9156-B25E88DA1BEE}.AppStore|iPhone.Build.0 = Debug|Any CPU
		{5C1EF81E-8FED-4AB7-9156-B25E88DA1BEE}.AppStore|iPhoneSimulator.ActiveCfg = Debug|Any CPU
		{5C1EF81E-8FED-4AB7-9156-B25E88DA1BEE}.AppStore|iPhoneSimulator.Build.0 = Debug|Any CPU
		{5C1EF81E-8FED-4AB7-9156-B25E88DA1BEE}.Debug|Any CPU.ActiveCfg = Debug|Any CPU
		{5C1EF81E-8FED-4AB7-9156-B25E88DA1BEE}.Debug|Any CPU.Build.0 = Debug|Any CPU
		{5C1EF81E-8FED-4AB7-9156-B25E88DA1BEE}.Debug|iPhone.ActiveCfg = Debug|Any CPU
		{5C1EF81E-8FED-4AB7-9156-B25E88DA1BEE}.Debug|iPhone.Build.0 = Debug|Any CPU
		{5C1EF81E-8FED-4AB7-9156-B25E88DA1BEE}.Debug|iPhoneSimulator.ActiveCfg = Debug|Any CPU
		{5C1EF81E-8FED-4AB7-9156-B25E88DA1BEE}.Debug|iPhoneSimulator.Build.0 = Debug|Any CPU
		{5C1EF81E-8FED-4AB7-9156-B25E88DA1BEE}.Release|Any CPU.ActiveCfg = Release|Any CPU
		{5C1EF81E-8FED-4AB7-9156-B25E88DA1BEE}.Release|Any CPU.Build.0 = Release|Any CPU
		{5C1EF81E-8FED-4AB7-9156-B25E88DA1BEE}.Release|iPhone.ActiveCfg = Release|Any CPU
		{5C1EF81E-8FED-4AB7-9156-B25E88DA1BEE}.Release|iPhone.Build.0 = Release|Any CPU
		{5C1EF81E-8FED-4AB7-9156-B25E88DA1BEE}.Release|iPhoneSimulator.ActiveCfg = Release|Any CPU
		{5C1EF81E-8FED-4AB7-9156-B25E88DA1BEE}.Release|iPhoneSimulator.Build.0 = Release|Any CPU
		{F864330D-563C-4EE1-98B9-6C6002DE59DC}.Ad-Hoc|Any CPU.ActiveCfg = Debug|Any CPU
		{F864330D-563C-4EE1-98B9-6C6002DE59DC}.Ad-Hoc|Any CPU.Build.0 = Debug|Any CPU
		{F864330D-563C-4EE1-98B9-6C6002DE59DC}.Ad-Hoc|Any CPU.Deploy.0 = Debug|Any CPU
		{F864330D-563C-4EE1-98B9-6C6002DE59DC}.Ad-Hoc|iPhone.ActiveCfg = Debug|Any CPU
		{F864330D-563C-4EE1-98B9-6C6002DE59DC}.Ad-Hoc|iPhone.Build.0 = Debug|Any CPU
		{F864330D-563C-4EE1-98B9-6C6002DE59DC}.Ad-Hoc|iPhone.Deploy.0 = Debug|Any CPU
		{F864330D-563C-4EE1-98B9-6C6002DE59DC}.Ad-Hoc|iPhoneSimulator.ActiveCfg = Debug|Any CPU
		{F864330D-563C-4EE1-98B9-6C6002DE59DC}.Ad-Hoc|iPhoneSimulator.Build.0 = Debug|Any CPU
		{F864330D-563C-4EE1-98B9-6C6002DE59DC}.Ad-Hoc|iPhoneSimulator.Deploy.0 = Debug|Any CPU
		{F864330D-563C-4EE1-98B9-6C6002DE59DC}.AppStore|Any CPU.ActiveCfg = Debug|Any CPU
		{F864330D-563C-4EE1-98B9-6C6002DE59DC}.AppStore|Any CPU.Build.0 = Debug|Any CPU
		{F864330D-563C-4EE1-98B9-6C6002DE59DC}.AppStore|Any CPU.Deploy.0 = Debug|Any CPU
		{F864330D-563C-4EE1-98B9-6C6002DE59DC}.AppStore|iPhone.ActiveCfg = Debug|Any CPU
		{F864330D-563C-4EE1-98B9-6C6002DE59DC}.AppStore|iPhone.Build.0 = Debug|Any CPU
		{F864330D-563C-4EE1-98B9-6C6002DE59DC}.AppStore|iPhone.Deploy.0 = Debug|Any CPU
		{F864330D-563C-4EE1-98B9-6C6002DE59DC}.AppStore|iPhoneSimulator.ActiveCfg = Debug|Any CPU
		{F864330D-563C-4EE1-98B9-6C6002DE59DC}.AppStore|iPhoneSimulator.Build.0 = Debug|Any CPU
		{F864330D-563C-4EE1-98B9-6C6002DE59DC}.AppStore|iPhoneSimulator.Deploy.0 = Debug|Any CPU
		{F864330D-563C-4EE1-98B9-6C6002DE59DC}.Debug|Any CPU.ActiveCfg = Debug|Any CPU
		{F864330D-563C-4EE1-98B9-6C6002DE59DC}.Debug|Any CPU.Build.0 = Debug|Any CPU
		{F864330D-563C-4EE1-98B9-6C6002DE59DC}.Debug|Any CPU.Deploy.0 = Debug|Any CPU
		{F864330D-563C-4EE1-98B9-6C6002DE59DC}.Debug|iPhone.ActiveCfg = Debug|Any CPU
		{F864330D-563C-4EE1-98B9-6C6002DE59DC}.Debug|iPhone.Build.0 = Debug|Any CPU
		{F864330D-563C-4EE1-98B9-6C6002DE59DC}.Debug|iPhone.Deploy.0 = Debug|Any CPU
		{F864330D-563C-4EE1-98B9-6C6002DE59DC}.Debug|iPhoneSimulator.ActiveCfg = Debug|Any CPU
		{F864330D-563C-4EE1-98B9-6C6002DE59DC}.Debug|iPhoneSimulator.Build.0 = Debug|Any CPU
		{F864330D-563C-4EE1-98B9-6C6002DE59DC}.Debug|iPhoneSimulator.Deploy.0 = Debug|Any CPU
		{F864330D-563C-4EE1-98B9-6C6002DE59DC}.Release|Any CPU.ActiveCfg = Release|Any CPU
		{F864330D-563C-4EE1-98B9-6C6002DE59DC}.Release|Any CPU.Build.0 = Release|Any CPU
		{F864330D-563C-4EE1-98B9-6C6002DE59DC}.Release|Any CPU.Deploy.0 = Release|Any CPU
		{F864330D-563C-4EE1-98B9-6C6002DE59DC}.Release|iPhone.ActiveCfg = Release|Any CPU
		{F864330D-563C-4EE1-98B9-6C6002DE59DC}.Release|iPhone.Build.0 = Release|Any CPU
		{F864330D-563C-4EE1-98B9-6C6002DE59DC}.Release|iPhone.Deploy.0 = Release|Any CPU
		{F864330D-563C-4EE1-98B9-6C6002DE59DC}.Release|iPhoneSimulator.ActiveCfg = Release|Any CPU
		{F864330D-563C-4EE1-98B9-6C6002DE59DC}.Release|iPhoneSimulator.Build.0 = Release|Any CPU
		{F864330D-563C-4EE1-98B9-6C6002DE59DC}.Release|iPhoneSimulator.Deploy.0 = Release|Any CPU
		{B6CB86FF-BAB3-449D-8972-96965DE3E75A}.Ad-Hoc|Any CPU.ActiveCfg = Ad-Hoc|iPhoneSimulator
		{B6CB86FF-BAB3-449D-8972-96965DE3E75A}.Ad-Hoc|Any CPU.Build.0 = Ad-Hoc|iPhoneSimulator
		{B6CB86FF-BAB3-449D-8972-96965DE3E75A}.Ad-Hoc|iPhone.ActiveCfg = Ad-Hoc|iPhone
		{B6CB86FF-BAB3-449D-8972-96965DE3E75A}.Ad-Hoc|iPhone.Build.0 = Ad-Hoc|iPhone
		{B6CB86FF-BAB3-449D-8972-96965DE3E75A}.Ad-Hoc|iPhoneSimulator.ActiveCfg = Ad-Hoc|iPhoneSimulator
		{B6CB86FF-BAB3-449D-8972-96965DE3E75A}.Ad-Hoc|iPhoneSimulator.Build.0 = Ad-Hoc|iPhoneSimulator
		{B6CB86FF-BAB3-449D-8972-96965DE3E75A}.AppStore|Any CPU.ActiveCfg = AppStore|iPhoneSimulator
		{B6CB86FF-BAB3-449D-8972-96965DE3E75A}.AppStore|Any CPU.Build.0 = AppStore|iPhoneSimulator
		{B6CB86FF-BAB3-449D-8972-96965DE3E75A}.AppStore|iPhone.ActiveCfg = AppStore|iPhone
		{B6CB86FF-BAB3-449D-8972-96965DE3E75A}.AppStore|iPhone.Build.0 = AppStore|iPhone
		{B6CB86FF-BAB3-449D-8972-96965DE3E75A}.AppStore|iPhoneSimulator.ActiveCfg = AppStore|iPhoneSimulator
		{B6CB86FF-BAB3-449D-8972-96965DE3E75A}.AppStore|iPhoneSimulator.Build.0 = AppStore|iPhoneSimulator
		{B6CB86FF-BAB3-449D-8972-96965DE3E75A}.Debug|Any CPU.ActiveCfg = Debug|iPhoneSimulator
		{B6CB86FF-BAB3-449D-8972-96965DE3E75A}.Debug|Any CPU.Build.0 = Debug|iPhoneSimulator
		{B6CB86FF-BAB3-449D-8972-96965DE3E75A}.Debug|iPhone.ActiveCfg = Debug|iPhone
		{B6CB86FF-BAB3-449D-8972-96965DE3E75A}.Debug|iPhone.Build.0 = Debug|iPhone
		{B6CB86FF-BAB3-449D-8972-96965DE3E75A}.Debug|iPhoneSimulator.ActiveCfg = Debug|iPhoneSimulator
		{B6CB86FF-BAB3-449D-8972-96965DE3E75A}.Debug|iPhoneSimulator.Build.0 = Debug|iPhoneSimulator
		{B6CB86FF-BAB3-449D-8972-96965DE3E75A}.Release|Any CPU.ActiveCfg = Release|iPhoneSimulator
		{B6CB86FF-BAB3-449D-8972-96965DE3E75A}.Release|Any CPU.Build.0 = Release|iPhoneSimulator
		{B6CB86FF-BAB3-449D-8972-96965DE3E75A}.Release|iPhone.ActiveCfg = Release|iPhone
		{B6CB86FF-BAB3-449D-8972-96965DE3E75A}.Release|iPhone.Build.0 = Release|iPhone
		{B6CB86FF-BAB3-449D-8972-96965DE3E75A}.Release|iPhoneSimulator.ActiveCfg = Release|iPhoneSimulator
		{B6CB86FF-BAB3-449D-8972-96965DE3E75A}.Release|iPhoneSimulator.Build.0 = Release|iPhoneSimulator
	EndGlobalSection
	GlobalSection(SolutionProperties) = preSolution
		HideSolutionNode = FALSE
	EndGlobalSection
	GlobalSection(ExtensibilityGlobals) = postSolution
		SolutionGuid = {C57DB3D4-F61C-4FB8-A2BB-C504A9DACC9D}
	EndGlobalSection
EndGlobal
